# THIS IS AN AUTOGENERATED FILE. DO NOT EDIT THIS FILE DIRECTLY.
# yarn lockfile v1


vue-infinite-scroll@^2.0.2:
  version "2.0.2"
  resolved "https://registry.yarnpkg.com/vue-infinite-scroll/-/vue-infinite-scroll-2.0.2.tgz#ca37a91fe92ee0ad3b74acf8682c00917144b711"
  integrity sha512-n+YghR059YmciANGJh9SsNWRi1YZEBVlODtmnb/12zI+4R72QZSWd+EuZ5mW6auEo/yaJXgxzwsuhvALVnm73A==
